// !$*UTF8*$!
{
	archiveVersion = 1;
	classes = {
	};
	objectVersion = 55;
	objects = {

/* Begin PBXBuildFile section */
		39663A49295764A2004EB53F /* AppDelegate.swift in Sources */ = {isa = PBXBuildFile; fileRef = 39663A48295764A2004EB53F /* AppDelegate.swift */; };
		39663A4D295764A2004EB53F /* MainViewController.swift in Sources */ = {isa = PBXBuildFile; fileRef = 39663A4C295764A2004EB53F /* MainViewController.swift */; };
		39663A52295764A3004EB53F /* Assets.xcassets in Resources */ = {isa = PBXBuildFile; fileRef = 39663A51295764A3004EB53F /* Assets.xcassets */; };
		39663A55295764A3004EB53F /* LaunchScreen.storyboard in Resources */ = {isa = PBXBuildFile; fileRef = 39663A53295764A3004EB53F /* LaunchScreen.storyboard */; };
		39663A6329588FEF004EB53F /* MainStackView.swift in Sources */ = {isa = PBXBuildFile; fileRef = 39663A6229588FEF004EB53F /* MainStackView.swift */; };
		39663A6729589897004EB53F /* UiStackView+Extensions.swift in Sources */ = {isa = PBXBuildFile; fileRef = 39663A6629589897004EB53F /* UiStackView+Extensions.swift */; };
		39663A6929631400004EB53F /* OperationsModel.swift in Sources */ = {isa = PBXBuildFile; fileRef = 39663A6829631400004EB53F /* OperationsModel.swift */; };
		39663A6B296315AB004EB53F /* CalculationModel.swift in Sources */ = {isa = PBXBuildFile; fileRef = 39663A6A296315AB004EB53F /* CalculationModel.swift */; };
		39663A6E29644DD7004EB53F /* Double + Extensions.swift in Sources */ = {isa = PBXBuildFile; fileRef = 39663A6D29644DD7004EB53F /* Double + Extensions.swift */; };
		39663A7029645040004EB53F /* String + Extensions.swift in Sources */ = {isa = PBXBuildFile; fileRef = 39663A6F29645040004EB53F /* String + Extensions.swift */; };
/* End PBXBuildFile section */

/* Begin PBXFileReference section */
		39663A45295764A2004EB53F /* Calculator.app */ = {isa = PBXFileReference; explicitFileType = wrapper.application; includeInIndex = 0; path = Calculator.app; sourceTree = BUILT_PRODUCTS_DIR; };
		39663A48295764A2004EB53F /* AppDelegate.swift */ = {isa = PBXFileReference; lastKnownFileType = sourcecode.swift; path = AppDelegate.swift; sourceTree = "<group>"; };
		39663A4C295764A2004EB53F /* MainViewController.swift */ = {isa = PBXFileReference; lastKnownFileType = sourcecode.swift; path = MainViewController.swift; sourceTree = "<group>"; };
		39663A51295764A3004EB53F /* Assets.xcassets */ = {isa = PBXFileReference; lastKnownFileType = folder.assetcatalog; path = Assets.xcassets; sourceTree = "<group>"; };
		39663A54295764A3004EB53F /* Base */ = {isa = PBXFileReference; lastKnownFileType = file.storyboard; name = Base; path = Base.lproj/LaunchScreen.storyboard; sourceTree = "<group>"; };
		39663A56295764A3004EB53F /* Info.plist */ = {isa = PBXFileReference; lastKnownFileType = text.plist.xml; path = Info.plist; sourceTree = "<group>"; };
		39663A6229588FEF004EB53F /* MainStackView.swift */ = {isa = PBXFileReference; lastKnownFileType = sourcecode.swift; path = MainStackView.swift; sourceTree = "<group>"; };
		39663A6629589897004EB53F /* UiStackView+Extensions.swift */ = {isa = PBXFileReference; lastKnownFileType = sourcecode.swift; path = "UiStackView+Extensions.swift"; sourceTree = "<group>"; };
		39663A6829631400004EB53F /* OperationsModel.swift */ = {isa = PBXFileReference; lastKnownFileType = sourcecode.swift; path = OperationsModel.swift; sourceTree = "<group>"; };
		39663A6A296315AB004EB53F /* CalculationModel.swift */ = {isa = PBXFileReference; lastKnownFileType = sourcecode.swift; path = CalculationModel.swift; sourceTree = "<group>"; };
		39663A6D29644DD7004EB53F /* Double + Extensions.swift */ = {isa = PBXFileReference; lastKnownFileType = sourcecode.swift; path = "Double + Extensions.swift"; sourceTree = "<group>"; };
		39663A6F29645040004EB53F /* String + Extensions.swift */ = {isa = PBXFileReference; lastKnownFileType = sourcecode.swift; path = "String + Extensions.swift"; sourceTree = "<group>"; };
/* End PBXFileReference section */

/* Begin PBXFrameworksBuildPhase section */
		39663A42295764A2004EB53F /* Frameworks */ = {
			isa = PBXFrameworksBuildPhase;
			buildActionMask = 2147483647;
			files = (
			);
			runOnlyForDeploymentPostprocessing = 0;
		};
/* End PBXFrameworksBuildPhase section */

/* Begin PBXGroup section */
		39663A3C295764A2004EB53F = {
			isa = PBXGroup;
			children = (
				39663A47295764A2004EB53F /* Calculator */,
				39663A46295764A2004EB53F /* Products */,
			);
			sourceTree = "<group>";
		};
		39663A46295764A2004EB53F /* Products */ = {
			isa = PBXGroup;
			children = (
				39663A45295764A2004EB53F /* Calculator.app */,
			);
			name = Products;
			sourceTree = "<group>";
		};
		39663A47295764A2004EB53F /* Calculator */ = {
			isa = PBXGroup;
			children = (
				39663A5E29588EB7004EB53F /* Models */,
				39663A5F29588EC1004EB53F /* Views */,
				39663A6029588ED9004EB53F /* Controllers */,
				39663A5D29588E09004EB53F /* SupportingFiles */,
				39663A64295897C0004EB53F /* Extensions */,
				39663A5C29588DC2004EB53F /* Application */,
			);
			path = Calculator;
			sourceTree = "<group>";
		};
		39663A5C29588DC2004EB53F /* Application */ = {
			isa = PBXGroup;
			children = (
				39663A48295764A2004EB53F /* AppDelegate.swift */,
			);
			path = Application;
			sourceTree = "<group>";
		};
		39663A5D29588E09004EB53F /* SupportingFiles */ = {
			isa = PBXGroup;
			children = (
				39663A51295764A3004EB53F /* Assets.xcassets */,
				39663A53295764A3004EB53F /* LaunchScreen.storyboard */,
				39663A56295764A3004EB53F /* Info.plist */,
			);
			path = SupportingFiles;
			sourceTree = "<group>";
		};
		39663A5E29588EB7004EB53F /* Models */ = {
			isa = PBXGroup;
			children = (
				39663A6829631400004EB53F /* OperationsModel.swift */,
				39663A6A296315AB004EB53F /* CalculationModel.swift */,
			);
			path = Models;
			sourceTree = "<group>";
		};
		39663A5F29588EC1004EB53F /* Views */ = {
			isa = PBXGroup;
			children = (
				39663A6229588FEF004EB53F /* MainStackView.swift */,
			);
			path = Views;
			sourceTree = "<group>";
		};
		39663A6029588ED9004EB53F /* Controllers */ = {
			isa = PBXGroup;
			children = (
				39663A4C295764A2004EB53F /* MainViewController.swift */,
			);
			path = Controllers;
			sourceTree = "<group>";
		};
		39663A64295897C0004EB53F /* Extensions */ = {
			isa = PBXGroup;
			children = (
				39663A652958984A004EB53F /* UiKIt */,
				39663A6D29644DD7004EB53F /* Double + Extensions.swift */,
				39663A6F29645040004EB53F /* String + Extensions.swift */,
			);
			path = Extensions;
			sourceTree = "<group>";
		};
		39663A652958984A004EB53F /* UiKIt */ = {
			isa = PBXGroup;
			children = (
				39663A6629589897004EB53F /* UiStackView+Extensions.swift */,
			);
			path = UiKIt;
			sourceTree = "<group>";
		};
/* End PBXGroup section */

/* Begin PBXNativeTarget section */
		39663A44295764A2004EB53F /* Calculator */ = {
			isa = PBXNativeTarget;
			buildConfigurationList = 39663A59295764A3004EB53F /* Build configuration list for PBXNativeTarget "Calculator" */;
			buildPhases = (
				39663A41295764A2004EB53F /* Sources */,
				39663A42295764A2004EB53F /* Frameworks */,
				39663A43295764A2004EB53F /* Resources */,
			);
			buildRules = (
			);
			dependencies = (
			);
			name = Calculator;
			productName = Calculator;
			productReference = 39663A45295764A2004EB53F /* Calculator.app */;
			productType = "com.apple.product-type.application";
		};
/* End PBXNativeTarget section */

/* Begin PBXProject section */
		39663A3D295764A2004EB53F /* Project object */ = {
			isa = PBXProject;
			attributes = {
				BuildIndependentTargetsInParallel = 1;
				LastSwiftUpdateCheck = 1320;
				LastUpgradeCheck = 1320;
				TargetAttributes = {
					39663A44295764A2004EB53F = {
						CreatedOnToolsVersion = 13.2.1;
					};
				};
			};
			buildConfigurationList = 39663A40295764A2004EB53F /* Build configuration list for PBXProject "Calculator" */;
			compatibilityVersion = "Xcode 13.0";
			developmentRegion = en;
			hasScannedForEncodings = 0;
			knownRegions = (
				en,
				Base,
			);
			mainGroup = 39663A3C295764A2004EB53F;
			productRefGroup = 39663A46295764A2004EB53F /* Products */;
			projectDirPath = "";
			projectRoot = "";
			targets = (
				39663A44295764A2004EB53F /* Calculator */,
			);
		};
/* End PBXProject section */

/* Begin PBXResourcesBuildPhase section */
		39663A43295764A2004EB53F /* Resources */ = {
			isa = PBXResourcesBuildPhase;
			buildActionMask = 2147483647;
			files = (
				39663A55295764A3004EB53F /* LaunchScreen.storyboard in Resources */,
				39663A52295764A3004EB53F /* Assets.xcassets in Resources */,
			);
			runOnlyForDeploymentPostprocessing = 0;
		};
/* End PBXResourcesBuildPhase section */

/* Begin PBXSourcesBuildPhase section */
		39663A41295764A2004EB53F /* Sources */ = {
			isa = PBXSourcesBuildPhase;
			buildActionMask = 2147483647;
			files = (
				39663A4D295764A2004EB53F /* MainViewController.swift in Sources */,
				39663A6729589897004EB53F /* UiStackView+Extensions.swift in Sources */,
				39663A6E29644DD7004EB53F /* Double + Extensions.swift in Sources */,
				39663A49295764A2004EB53F /* AppDelegate.swift in Sources */,
				39663A6B296315AB004EB53F /* CalculationModel.swift in Sources */,
				39663A6929631400004EB53F /* OperationsModel.swift in Sources */,
				39663A7029645040004EB53F /* String + Extensions.swift in Sources */,
				39663A6329588FEF004EB53F /* MainStackView.swift in Sources */,
			);
			runOnlyForDeploymentPostprocessing = 0;
		};
/* End PBXSourcesBuildPhase section */

/* Begin PBXVariantGroup section */
		39663A53295764A3004EB53F /* LaunchScreen.storyboard */ = {
			isa = PBXVariantGroup;
			children = (
				39663A54295764A3004EB53F /* Base */,
			);
			name = LaunchScreen.storyboard;
			sourceTree = "<group>";
		};
/* End PBXVariantGroup section */

/* Begin XCBuildConfiguration section */
		39663A57295764A3004EB53F /* Debug */ = {
			isa = XCBuildConfiguration;
			buildSettings = {
				ALWAYS_SEARCH_USER_PATHS = NO;
				CLANG_ANALYZER_NONNULL = YES;
				CLANG_ANALYZER_NUMBER_OBJECT_CONVERSION = YES_AGGRESSIVE;
				CLANG_CXX_LANGUAGE_STANDARD = "gnu++17";
				CLANG_CXX_LIBRARY = "libc++";
				CLANG_ENABLE_MODULES = YES;
				CLANG_ENABLE_OBJC_ARC = YES;
				CLANG_ENABLE_OBJC_WEAK = YES;
				CLANG_WARN_BLOCK_CAPTURE_AUTORELEASING = YES;
				CLANG_WARN_BOOL_CONVERSION = YES;
				CLANG_WARN_COMMA = YES;
				CLANG_WARN_CONSTANT_CONVERSION = YES;
				CLANG_WARN_DEPRECATED_OBJC_IMPLEMENTATIONS = YES;
				CLANG_WARN_DIRECT_OBJC_ISA_USAGE = YES_ERROR;
				CLANG_WARN_DOCUMENTATION_COMMENTS = YES;
				CLANG_WARN_EMPTY_BODY = YES;
				CLANG_WARN_ENUM_CONVERSION = YES;
				CLANG_WARN_INFINITE_RECURSION = YES;
				CLANG_WARN_INT_CONVERSION = YES;
				CLANG_WARN_NON_LITERAL_NULL_CONVERSION = YES;
				CLANG_WARN_OBJC_IMPLICIT_RETAIN_SELF = YES;
				CLANG_WARN_OBJC_LITERAL_CONVERSION = YES;
				CLANG_WARN_OBJC_ROOT_CLASS = YES_ERROR;
				CLANG_WARN_QUOTED_INCLUDE_IN_FRAMEWORK_HEADER = YES;
				CLANG_WARN_RANGE_LOOP_ANALYSIS = YES;
				CLANG_WARN_STRICT_PROTOTYPES = YES;
				CLANG_WARN_SUSPICIOUS_MOVE = YES;
				CLANG_WARN_UNGUARDED_AVAILABILITY = YES_AGGRESSIVE;
				CLANG_WARN_UNREACHABLE_CODE = YES;
				CLANG_WARN__DUPLICATE_METHOD_MATCH = YES;
				COPY_PHASE_STRIP = NO;
				DEBUG_INFORMATION_FORMAT = dwarf;
				ENABLE_STRICT_OBJC_MSGSEND = YES;
				ENABLE_TESTABILITY = YES;
				GCC_C_LANGUAGE_STANDARD = gnu11;
				GCC_DYNAMIC_NO_PIC = NO;
				GCC_NO_COMMON_BLOCKS = YES;
				GCC_OPTIMIZATION_LEVEL = 0;
				GCC_PREPROCESSOR_DEFINITIONS = (
					"DEBUG=1",
					"$(inherited)",
				);
				GCC_WARN_64_TO_32_BIT_CONVERSION = YES;
				GCC_WARN_ABOUT_RETURN_TYPE = YES_ERROR;
				GCC_WARN_UNDECLARED_SELECTOR = YES;
				GCC_WARN_UNINITIALIZED_AUTOS = YES_AGGRESSIVE;
				GCC_WARN_UNUSED_FUNCTION = YES;
				GCC_WARN_UNUSED_VARIABLE = YES;
				IPHONEOS_DEPLOYMENT_TARGET = 15.2;
				MTL_ENABLE_DEBUG_INFO = INCLUDE_SOURCE;
				MTL_FAST_MATH = YES;
				ONLY_ACTIVE_ARCH = YES;
				SDKROOT = iphoneos;
				SWIFT_ACTIVE_COMPILATION_CONDITIONS = DEBUG;
				SWIFT_OPTIMIZATION_LEVEL = "-Onone";
			};
			name = Debug;
		};
		39663A58295764A3004EB53F /* Release */ = {
			isa = XCBuildConfiguration;
			buildSettings = {
				ALWAYS_SEARCH_USER_PATHS = NO;
				CLANG_ANALYZER_NONNULL = YES;
				CLANG_ANALYZER_NUMBER_OBJECT_CONVERSION = YES_AGGRESSIVE;
				CLANG_CXX_LANGUAGE_STANDARD = "gnu++17";
				CLANG_CXX_LIBRARY = "libc++";
				CLANG_ENABLE_MODULES = YES;
				CLANG_ENABLE_OBJC_ARC = YES;
				CLANG_ENABLE_OBJC_WEAK = YES;
				CLANG_WARN_BLOCK_CAPTURE_AUTORELEASING = YES;
				CLANG_WARN_BOOL_CONVERSION = YES;
				CLANG_WARN_COMMA = YES;
				CLANG_WARN_CONSTANT_CONVERSION = YES;
				CLANG_WARN_DEPRECATED_OBJC_IMPLEMENTATIONS = YES;
				CLANG_WARN_DIRECT_OBJC_ISA_USAGE = YES_ERROR;
				CLANG_WARN_DOCUMENTATION_COMMENTS = YES;
				CLANG_WARN_EMPTY_BODY = YES;
				CLANG_WARN_ENUM_CONVERSION = YES;
				CLANG_WARN_INFINITE_RECURSION = YES;
				CLANG_WARN_INT_CONVERSION = YES;
				CLANG_WARN_NON_LITERAL_NULL_CONVERSION = YES;
				CLANG_WARN_OBJC_IMPLICIT_RETAIN_SELF = YES;
				CLANG_WARN_OBJC_LITERAL_CONVERSION = YES;
				CLANG_WARN_OBJC_ROOT_CLASS = YES_ERROR;
				CLANG_WARN_QUOTED_INCLUDE_IN_FRAMEWORK_HEADER = YES;
				CLANG_WARN_RANGE_LOOP_ANALYSIS = YES;
				CLANG_WARN_STRICT_PROTOTYPES = YES;
				CLANG_WARN_SUSPICIOUS_MOVE = YES;
				CLANG_WARN_UNGUARDED_AVAILABILITY = YES_AGGRESSIVE;
				CLANG_WARN_UNREACHABLE_CODE = YES;
				CLANG_WARN__DUPLICATE_METHOD_MATCH = YES;
				COPY_PHASE_STRIP = NO;
				DEBUG_INFORMATION_FORMAT = "dwarf-with-dsym";
				ENABLE_NS_ASSERTIONS = NO;
				ENABLE_STRICT_OBJC_MSGSEND = YES;
				GCC_C_LANGUAGE_STANDARD = gnu11;
				GCC_NO_COMMON_BLOCKS = YES;
				GCC_WARN_64_TO_32_BIT_CONVERSION = YES;
				GCC_WARN_ABOUT_RETURN_TYPE = YES_ERROR;
				GCC_WARN_UNDECLARED_SELECTOR = YES;
				GCC_WARN_UNINITIALIZED_AUTOS = YES_AGGRESSIVE;
				GCC_WARN_UNUSED_FUNCTION = YES;
				GCC_WARN_UNUSED_VARIABLE = YES;
				IPHONEOS_DEPLOYMENT_TARGET = 15.2;
				MTL_ENABLE_DEBUG_INFO = NO;
				MTL_FAST_MATH = YES;
				SDKROOT = iphoneos;
				SWIFT_COMPILATION_MODE = wholemodule;
				SWIFT_OPTIMIZATION_LEVEL = "-O";
				VALIDATE_PRODUCT = YES;
			};
			name = Release;
		};
		39663A5A295764A3004EB53F /* Debug */ = {
			isa = XCBuildConfiguration;
			buildSettings = {
				ASSETCATALOG_COMPILER_APPICON_NAME = AppIcon;
				ASSETCATALOG_COMPILER_GLOBAL_ACCENT_COLOR_NAME = AccentColor;
				CODE_SIGN_STYLE = Automatic;
				CURRENT_PROJECT_VERSION = 1;
				GENERATE_INFOPLIST_FILE = YES;
				INFOPLIST_FILE = Calculator/SupportingFiles/Info.plist;
				INFOPLIST_KEY_UIApplicationSupportsIndirectInputEvents = YES;
				INFOPLIST_KEY_UILaunchStoryboardName = LaunchScreen;
				INFOPLIST_KEY_UISupportedInterfaceOrientations_iPad = "UIInterfaceOrientationPortrait UIInterfaceOrientationPortraitUpsideDown UIInterfaceOrientationLandscapeLeft UIInterfaceOrientationLandscapeRight";
				INFOPLIST_KEY_UISupportedInterfaceOrientations_iPhone = "UIInterfaceOrientationPortrait UIInterfaceOrientationLandscapeLeft UIInterfaceOrientationLandscapeRight";
				LD_RUNPATH_SEARCH_PATHS = (
					"$(inherited)",
					"@executable_path/Frameworks",
				);
				MARKETING_VERSION = 1.0;
				PRODUCT_BUNDLE_IDENTIFIER = ru.swiftme.Calculator;
				PRODUCT_NAME = "$(TARGET_NAME)";
				SWIFT_EMIT_LOC_STRINGS = YES;
				SWIFT_VERSION = 5.0;
				TARGETED_DEVICE_FAMILY = 1;
			};
			name = Debug;
		};
		39663A5B295764A3004EB53F /* Release */ = {
			isa = XCBuildConfiguration;
			buildSettings = {
				ASSETCATALOG_COMPILER_APPICON_NAME = AppIcon;
				ASSETCATALOG_COMPILER_GLOBAL_ACCENT_COLOR_NAME = AccentColor;
				CODE_SIGN_STYLE = Automatic;
				CURRENT_PROJECT_VERSION = 1;
				GENERATE_INFOPLIST_FILE = YES;
				INFOPLIST_FILE = Calculator/SupportingFiles/Info.plist;
				INFOPLIST_KEY_UIApplicationSupportsIndirectInputEvents = YES;
				INFOPLIST_KEY_UILaunchStoryboardName = LaunchScreen;
				INFOPLIST_KEY_UISupportedInterfaceOrientations_iPad = "UIInterfaceOrientationPortrait UIInterfaceOrientationPortraitUpsideDown UIInterfaceOrientationLandscapeLeft UIInterfaceOrientationLandscapeRight";
				INFOPLIST_KEY_UISupportedInterfaceOrientations_iPhone = "UIInterfaceOrientationPortrait UIInterfaceOrientationLandscapeLeft UIInterfaceOrientationLandscapeRight";
				LD_RUNPATH_SEARCH_PATHS = (
					"$(inherited)",
					"@executable_path/Frameworks",
				);
				MARKETING_VERSION = 1.0;
				PRODUCT_BUNDLE_IDENTIFIER = ru.swiftme.Calculator;
				PRODUCT_NAME = "$(TARGET_NAME)";
				SWIFT_EMIT_LOC_STRINGS = YES;
				SWIFT_VERSION = 5.0;
				TARGETED_DEVICE_FAMILY = 1;
			};
			name = Release;
		};
/* End XCBuildConfiguration section */

/* Begin XCConfigurationList section */
		39663A40295764A2004EB53F /* Build configuration list for PBXProject "Calculator" */ = {
			isa = XCConfigurationList;
			buildConfigurations = (
				39663A57295764A3004EB53F /* Debug */,
				39663A58295764A3004EB53F /* Release */,
			);
			defaultConfigurationIsVisible = 0;
			defaultConfigurationName = Release;
		};
		39663A59295764A3004EB53F /* Build configuration list for PBXNativeTarget "Calculator" */ = {
			isa = XCConfigurationList;
			buildConfigurations = (
				39663A5A295764A3004EB53F /* Debug */,
				39663A5B295764A3004EB53F /* Release */,
			);
			defaultConfigurationIsVisible = 0;
			defaultConfigurationName = Release;
		};
/* End XCConfigurationList section */
	};
	rootObject = 39663A3D295764A2004EB53F /* Project object */;
}
